PODS:
  - Apollo (0.9.5):
    - Apollo/Core (= 0.9.5)
  - Apollo/Core (0.9.5)
  - ApolloDeveloperKit (0.3.2):
    - Apollo (>= 0.9.0)

DEPENDENCIES:
  - ApolloDeveloperKit (from `../`)

SPEC REPOS:
  https://github.com/cocoapods/specs.git:
    - Apollo

EXTERNAL SOURCES:
  ApolloDeveloperKit:
    :path: "../"

SPEC CHECKSUMS:
  Apollo: 19caf3246d292bbb69ecad1bd098661f78222aba
  ApolloDeveloperKit: 28476a7297b3be9a7da3605222435967edea4b75

PODFILE CHECKSUM: d5d3b7192f6a84b5ad38127118f5bcd1c0b7d17a

COCOAPODS: 1.7.5
