// !$*UTF8*$!
{
	archiveVersion = 1;
	classes = {
	};
	objectVersion = 50;
	objects = {

/* Begin PBXBuildFile section */
		5B0051112308848E00B9B2B2 /* NetworkInterface.swift in Sources */ = {isa = PBXBuildFile; fileRef = 5B0051102308848E00B9B2B2 /* NetworkInterface.swift */; };
		5B0051132309125F00B9B2B2 /* NetworkInterfaceList.swift in Sources */ = {isa = PBXBuildFile; fileRef = 5B0051122309125F00B9B2B2 /* NetworkInterfaceList.swift */; };
		5B0EC95E22B6D728003D7933 /* DebuggableNetworkTransportTests.swift in Sources */ = {isa = PBXBuildFile; fileRef = 5B0EC95D22B6D728003D7933 /* DebuggableNetworkTransportTests.swift */; };
		5B0EC96222B6D856003D7933 /* Apollo.framework in Frameworks */ = {isa = PBXBuildFile; fileRef = 5B2F821322B430A80025A211 /* Apollo.framework */; };
		5B1C9E80233631FE00831F87 /* EventStreamChunkTests.swift in Sources */ = {isa = PBXBuildFile; fileRef = 5B1C9E7F233631FE00831F87 /* EventStreamChunkTests.swift */; };
		5B26FC2D22B3DB0800359E63 /* ApolloDeveloperKit.h in Headers */ = {isa = PBXBuildFile; fileRef = 5B26FC1F22B3DB0800359E63 /* ApolloDeveloperKit.h */; settings = {ATTRIBUTES = (Public, ); }; };
		5B26FC4422B3DB5800359E63 /* Assets.xcassets in Resources */ = {isa = PBXBuildFile; fileRef = 5B26FC4322B3DB5800359E63 /* Assets.xcassets */; };
		5B26FC4722B3DB5800359E63 /* LaunchScreen.storyboard in Resources */ = {isa = PBXBuildFile; fileRef = 5B26FC4522B3DB5800359E63 /* LaunchScreen.storyboard */; };
		5B2E1B29230C2CE0003C85CB /* NetworkInterfaceListTests.swift in Sources */ = {isa = PBXBuildFile; fileRef = 5B2E1B28230C2CE0003C85CB /* NetworkInterfaceListTests.swift */; };
		5B2E1B2D230CC93C003C85CB /* NetworkInterfaceTests.swift in Sources */ = {isa = PBXBuildFile; fileRef = 5B2E1B2C230CC93C003C85CB /* NetworkInterfaceTests.swift */; };
		5B2E1B36230CD1BA003C85CB /* ifaddrs+Factory.swift in Sources */ = {isa = PBXBuildFile; fileRef = 5B2E1B35230CD1BA003C85CB /* ifaddrs+Factory.swift */; };
		5B2E1B38230CD1D0003C85CB /* sockaddr+Factory.swift in Sources */ = {isa = PBXBuildFile; fileRef = 5B2E1B37230CD1D0003C85CB /* sockaddr+Factory.swift */; };
		5B2F821822B430A80025A211 /* Apollo.framework in Frameworks */ = {isa = PBXBuildFile; fileRef = 5B2F821322B430A80025A211 /* Apollo.framework */; };
		5B2F84E522B4321E0025A211 /* DebuggableNormalizedCache.swift in Sources */ = {isa = PBXBuildFile; fileRef = 5B2F84E422B4321E0025A211 /* DebuggableNormalizedCache.swift */; };
		5B2F84E722B432730025A211 /* DebuggableNetworkTransport.swift in Sources */ = {isa = PBXBuildFile; fileRef = 5B2F84E622B432730025A211 /* DebuggableNetworkTransport.swift */; };
		5B2F84F122B4378B0025A211 /* ApolloDebugServer.swift in Sources */ = {isa = PBXBuildFile; fileRef = 5B2F84F022B4378B0025A211 /* ApolloDebugServer.swift */; };
		5B2F84F822B4A81A0025A211 /* Assets in Resources */ = {isa = PBXBuildFile; fileRef = 5B2F84F722B4A8190025A211 /* Assets */; };
		5B2F84FA22B4C8F40025A211 /* Record+JSONEncodable.swift in Sources */ = {isa = PBXBuildFile; fileRef = 5B2F84F922B4C8F40025A211 /* Record+JSONEncodable.swift */; };
		5B3A837122C66A7D002B4FFB /* GraphQLRequestTests.swift in Sources */ = {isa = PBXBuildFile; fileRef = 5B3A837022C66A7D002B4FFB /* GraphQLRequestTests.swift */; };
		5B3A837322C6721D002B4FFB /* AnyGraphQLSelectionSetTests.swift in Sources */ = {isa = PBXBuildFile; fileRef = 5B3A837222C6721D002B4FFB /* AnyGraphQLSelectionSetTests.swift */; };
		5B3A837622C6739A002B4FFB /* EventStreamQueueTests.swift in Sources */ = {isa = PBXBuildFile; fileRef = 5B3A837522C6739A002B4FFB /* EventStreamQueueTests.swift */; };
		5B3A837722C674C0002B4FFB /* ApolloDeveloperKit.framework in Frameworks */ = {isa = PBXBuildFile; fileRef = 5B26FC1C22B3DB0800359E63 /* ApolloDeveloperKit.framework */; };
		5B3A838A22C67F06002B4FFB /* EventStreamQueueMapTests.swift in Sources */ = {isa = PBXBuildFile; fileRef = 5B3A838922C67F06002B4FFB /* EventStreamQueueMapTests.swift */; };
		5B3A838D22C6856D002B4FFB /* JSErrorTests.swift in Sources */ = {isa = PBXBuildFile; fileRef = 5B3A838C22C6856D002B4FFB /* JSErrorTests.swift */; };
		5B3A838F22C71F6F002B4FFB /* Record+JSONEncodableTests.swift in Sources */ = {isa = PBXBuildFile; fileRef = 5B3A838E22C71F6F002B4FFB /* Record+JSONEncodableTests.swift */; };
		5B3A839122C72168002B4FFB /* Reference+JSONEncodable.swift in Sources */ = {isa = PBXBuildFile; fileRef = 5B3A839022C72167002B4FFB /* Reference+JSONEncodable.swift */; };
		5B3A839322C72197002B4FFB /* Reference+JSONEncodableTests.swift in Sources */ = {isa = PBXBuildFile; fileRef = 5B3A839222C72197002B4FFB /* Reference+JSONEncodableTests.swift */; };
		5B3A839622C72235002B4FFB /* MutationStoreTests.swift in Sources */ = {isa = PBXBuildFile; fileRef = 5B3A839522C72235002B4FFB /* MutationStoreTests.swift */; };
		5B3A839822C725BA002B4FFB /* QueryStoreTests.swift in Sources */ = {isa = PBXBuildFile; fileRef = 5B3A839722C725BA002B4FFB /* QueryStoreTests.swift */; };
		5B3A83A722C87FA2002B4FFB /* HTTPServer.swift in Sources */ = {isa = PBXBuildFile; fileRef = 5B3A83A622C87FA2002B4FFB /* HTTPServer.swift */; };
		5B3A83A922C89835002B4FFB /* FileHandle+Socket.swift in Sources */ = {isa = PBXBuildFile; fileRef = 5B3A83A822C89835002B4FFB /* FileHandle+Socket.swift */; };
		5B3A83AD22C93361002B4FFB /* HTTPServerTests.swift in Sources */ = {isa = PBXBuildFile; fileRef = 5B3A83AC22C93361002B4FFB /* HTTPServerTests.swift */; };
		5B41218622C58EC800D01EE9 /* DebuggableNormalizedCacheTests.swift in Sources */ = {isa = PBXBuildFile; fileRef = 5B41218522C58EC800D01EE9 /* DebuggableNormalizedCacheTests.swift */; };
		5B60660122D64790002A2013 /* ApolloDebugServerTests.swift in Sources */ = {isa = PBXBuildFile; fileRef = 5B60660022D64790002A2013 /* ApolloDebugServerTests.swift */; };
		5B630E3A22B575DA0000994D /* QueryStore.swift in Sources */ = {isa = PBXBuildFile; fileRef = 5B630E3922B575DA0000994D /* QueryStore.swift */; };
		5B630E3E22B60A210000994D /* MutationStore.swift in Sources */ = {isa = PBXBuildFile; fileRef = 5B630E3D22B60A210000994D /* MutationStore.swift */; };
		5B630E4022B60C990000994D /* QueryManager.swift in Sources */ = {isa = PBXBuildFile; fileRef = 5B630E3F22B60C990000994D /* QueryManager.swift */; };
		5B67343A22BFC53A00A09DF7 /* GraphQLRequest.swift in Sources */ = {isa = PBXBuildFile; fileRef = 5B67343922BFC53A00A09DF7 /* GraphQLRequest.swift */; };
		5B67343C22BFEFA500A09DF7 /* AnyGraphQLSelectionSet.swift in Sources */ = {isa = PBXBuildFile; fileRef = 5B67343B22BFEFA500A09DF7 /* AnyGraphQLSelectionSet.swift */; };
		5B71522022DA007400002BA6 /* HTTPServerError.swift in Sources */ = {isa = PBXBuildFile; fileRef = 5B71521F22DA007400002BA6 /* HTTPServerError.swift */; };
		5B71522222DA00CB00002BA6 /* HTTPServerErrorTests.swift in Sources */ = {isa = PBXBuildFile; fileRef = 5B71522122DA00CB00002BA6 /* HTTPServerErrorTests.swift */; };
		5B7C983122BA85AB000F4D7B /* EventStreamQueueMap.swift in Sources */ = {isa = PBXBuildFile; fileRef = 5B7C983022BA85AB000F4D7B /* EventStreamQueueMap.swift */; };
		5B7C983322BA9325000F4D7B /* EventStreamChunk.swift in Sources */ = {isa = PBXBuildFile; fileRef = 5B7C983222BA9325000F4D7B /* EventStreamChunk.swift */; };
		5B8F2B9122C059BC006922CE /* schema.json in Resources */ = {isa = PBXBuildFile; fileRef = 5B8F2B8A22C059BB006922CE /* schema.json */; };
		5B8F2B9222C059BC006922CE /* AppDelegate.swift in Sources */ = {isa = PBXBuildFile; fileRef = 5B8F2B8B22C059BB006922CE /* AppDelegate.swift */; };
		5B8F2B9422C059BC006922CE /* API.swift in Sources */ = {isa = PBXBuildFile; fileRef = 5B8F2B8D22C059BB006922CE /* API.swift */; };
		5B8F2B9522C059BC006922CE /* PostTableViewCell.swift in Sources */ = {isa = PBXBuildFile; fileRef = 5B8F2B8E22C059BB006922CE /* PostTableViewCell.swift */; };
		5B8F2B9622C059BC006922CE /* PostListViewController.swift in Sources */ = {isa = PBXBuildFile; fileRef = 5B8F2B8F22C059BC006922CE /* PostListViewController.swift */; };
		5B8F2B9922C05AFD006922CE /* Main.storyboard in Resources */ = {isa = PBXBuildFile; fileRef = 5B8F2B9822C05AFD006922CE /* Main.storyboard */; };
		5B8F2BBC22C26F78006922CE /* EventStreamQueue.swift in Sources */ = {isa = PBXBuildFile; fileRef = 5B8F2BBB22C26F78006922CE /* EventStreamQueue.swift */; };
		5BF045FD22B6E62D0083A52D /* JSError.swift in Sources */ = {isa = PBXBuildFile; fileRef = 5BF045FC22B6E62D0083A52D /* JSError.swift */; };
		5BFF016722DF8BA600944131 /* ApolloDeveloperKit.framework in Frameworks */ = {isa = PBXBuildFile; fileRef = 5B26FC1C22B3DB0800359E63 /* ApolloDeveloperKit.framework */; };
		5BFF016822DF8BA600944131 /* ApolloDeveloperKit.framework in Embed Frameworks */ = {isa = PBXBuildFile; fileRef = 5B26FC1C22B3DB0800359E63 /* ApolloDeveloperKit.framework */; settings = {ATTRIBUTES = (CodeSignOnCopy, RemoveHeadersOnCopy, ); }; };
/* End PBXBuildFile section */

/* Begin PBXContainerItemProxy section */
		5B26FC2722B3DB0800359E63 /* PBXContainerItemProxy */ = {
			isa = PBXContainerItemProxy;
			containerPortal = 5B26FC1322B3DB0800359E63 /* Project object */;
			proxyType = 1;
			remoteGlobalIDString = 5B26FC1B22B3DB0800359E63;
			remoteInfo = ApolloDeveloperKit;
		};
		5BFF016922DF8BA600944131 /* PBXContainerItemProxy */ = {
			isa = PBXContainerItemProxy;
			containerPortal = 5B26FC1322B3DB0800359E63 /* Project object */;
			proxyType = 1;
			remoteGlobalIDString = 5B26FC1B22B3DB0800359E63;
			remoteInfo = ApolloDeveloperKit;
		};
/* End PBXContainerItemProxy section */

/* Begin PBXCopyFilesBuildPhase section */
		5BFF016B22DF8BA600944131 /* Embed Frameworks */ = {
			isa = PBXCopyFilesBuildPhase;
			buildActionMask = 2147483647;
			dstPath = "";
			dstSubfolderSpec = 10;
			files = (
				5BFF016822DF8BA600944131 /* ApolloDeveloperKit.framework in Embed Frameworks */,
			);
			name = "Embed Frameworks";
			runOnlyForDeploymentPostprocessing = 0;
		};
/* End PBXCopyFilesBuildPhase section */

/* Begin PBXFileReference section */
		5B0051102308848E00B9B2B2 /* NetworkInterface.swift */ = {isa = PBXFileReference; lastKnownFileType = sourcecode.swift; path = NetworkInterface.swift; sourceTree = "<group>"; };
		5B0051122309125F00B9B2B2 /* NetworkInterfaceList.swift */ = {isa = PBXFileReference; lastKnownFileType = sourcecode.swift; path = NetworkInterfaceList.swift; sourceTree = "<group>"; };
		5B0EC95D22B6D728003D7933 /* DebuggableNetworkTransportTests.swift */ = {isa = PBXFileReference; lastKnownFileType = sourcecode.swift; path = DebuggableNetworkTransportTests.swift; sourceTree = "<group>"; };
		5B0EC96122B6D7C1003D7933 /* ApolloDeveloperKitTests-Bridging-Header.h */ = {isa = PBXFileReference; lastKnownFileType = sourcecode.c.h; path = "ApolloDeveloperKitTests-Bridging-Header.h"; sourceTree = "<group>"; };
		5B1C9E7F233631FE00831F87 /* EventStreamChunkTests.swift */ = {isa = PBXFileReference; lastKnownFileType = sourcecode.swift; path = EventStreamChunkTests.swift; sourceTree = "<group>"; };
		5B26FC1C22B3DB0800359E63 /* ApolloDeveloperKit.framework */ = {isa = PBXFileReference; explicitFileType = wrapper.framework; includeInIndex = 0; path = ApolloDeveloperKit.framework; sourceTree = BUILT_PRODUCTS_DIR; };
		5B26FC1F22B3DB0800359E63 /* ApolloDeveloperKit.h */ = {isa = PBXFileReference; lastKnownFileType = sourcecode.c.h; path = ApolloDeveloperKit.h; sourceTree = "<group>"; };
		5B26FC2022B3DB0800359E63 /* Info.plist */ = {isa = PBXFileReference; lastKnownFileType = text.plist.xml; path = Info.plist; sourceTree = "<group>"; };
		5B26FC2522B3DB0800359E63 /* ApolloDeveloperKitTests.xctest */ = {isa = PBXFileReference; explicitFileType = wrapper.cfbundle; includeInIndex = 0; path = ApolloDeveloperKitTests.xctest; sourceTree = BUILT_PRODUCTS_DIR; };
		5B26FC2C22B3DB0800359E63 /* Info.plist */ = {isa = PBXFileReference; lastKnownFileType = text.plist.xml; path = Info.plist; sourceTree = "<group>"; };
		5B26FC3A22B3DB5500359E63 /* ApolloDeveloperKitExample.app */ = {isa = PBXFileReference; explicitFileType = wrapper.application; includeInIndex = 0; path = ApolloDeveloperKitExample.app; sourceTree = BUILT_PRODUCTS_DIR; };
		5B26FC4322B3DB5800359E63 /* Assets.xcassets */ = {isa = PBXFileReference; lastKnownFileType = folder.assetcatalog; path = Assets.xcassets; sourceTree = "<group>"; };
		5B26FC4622B3DB5800359E63 /* Base */ = {isa = PBXFileReference; lastKnownFileType = file.storyboard; name = Base; path = Base.lproj/LaunchScreen.storyboard; sourceTree = "<group>"; };
		5B26FC4822B3DB5800359E63 /* Info.plist */ = {isa = PBXFileReference; lastKnownFileType = text.plist.xml; path = Info.plist; sourceTree = "<group>"; };
		5B2E1B28230C2CE0003C85CB /* NetworkInterfaceListTests.swift */ = {isa = PBXFileReference; lastKnownFileType = sourcecode.swift; path = NetworkInterfaceListTests.swift; sourceTree = "<group>"; };
		5B2E1B2C230CC93C003C85CB /* NetworkInterfaceTests.swift */ = {isa = PBXFileReference; lastKnownFileType = sourcecode.swift; path = NetworkInterfaceTests.swift; sourceTree = "<group>"; };
		5B2E1B35230CD1BA003C85CB /* ifaddrs+Factory.swift */ = {isa = PBXFileReference; lastKnownFileType = sourcecode.swift; path = "ifaddrs+Factory.swift"; sourceTree = "<group>"; };
		5B2E1B37230CD1D0003C85CB /* sockaddr+Factory.swift */ = {isa = PBXFileReference; lastKnownFileType = sourcecode.swift; path = "sockaddr+Factory.swift"; sourceTree = "<group>"; };
		5B2F820F22B430A80025A211 /* Starscream.framework */ = {isa = PBXFileReference; lastKnownFileType = wrapper.framework; name = Starscream.framework; path = Carthage/Build/iOS/Starscream.framework; sourceTree = "<group>"; };
		5B2F821022B430A80025A211 /* SQLite.framework */ = {isa = PBXFileReference; lastKnownFileType = wrapper.framework; name = SQLite.framework; path = Carthage/Build/iOS/SQLite.framework; sourceTree = "<group>"; };
		5B2F821122B430A80025A211 /* ApolloWebSocket.framework */ = {isa = PBXFileReference; lastKnownFileType = wrapper.framework; name = ApolloWebSocket.framework; path = Carthage/Build/iOS/ApolloWebSocket.framework; sourceTree = "<group>"; };
		5B2F821222B430A80025A211 /* ApolloSQLite.framework */ = {isa = PBXFileReference; lastKnownFileType = wrapper.framework; name = ApolloSQLite.framework; path = Carthage/Build/iOS/ApolloSQLite.framework; sourceTree = "<group>"; };
		5B2F821322B430A80025A211 /* Apollo.framework */ = {isa = PBXFileReference; lastKnownFileType = wrapper.framework; name = Apollo.framework; path = Carthage/Build/iOS/Apollo.framework; sourceTree = "<group>"; };
		5B2F84E422B4321E0025A211 /* DebuggableNormalizedCache.swift */ = {isa = PBXFileReference; lastKnownFileType = sourcecode.swift; path = DebuggableNormalizedCache.swift; sourceTree = "<group>"; };
		5B2F84E622B432730025A211 /* DebuggableNetworkTransport.swift */ = {isa = PBXFileReference; lastKnownFileType = sourcecode.swift; path = DebuggableNetworkTransport.swift; sourceTree = "<group>"; };
		5B2F84F022B4378B0025A211 /* ApolloDebugServer.swift */ = {isa = PBXFileReference; lastKnownFileType = sourcecode.swift; path = ApolloDebugServer.swift; sourceTree = "<group>"; };
		5B2F84F722B4A8190025A211 /* Assets */ = {isa = PBXFileReference; lastKnownFileType = folder; path = Assets; sourceTree = "<group>"; };
		5B2F84F922B4C8F40025A211 /* Record+JSONEncodable.swift */ = {isa = PBXFileReference; lastKnownFileType = sourcecode.swift; path = "Record+JSONEncodable.swift"; sourceTree = "<group>"; };
		5B3A837022C66A7D002B4FFB /* GraphQLRequestTests.swift */ = {isa = PBXFileReference; lastKnownFileType = sourcecode.swift; path = GraphQLRequestTests.swift; sourceTree = "<group>"; };
		5B3A837222C6721D002B4FFB /* AnyGraphQLSelectionSetTests.swift */ = {isa = PBXFileReference; lastKnownFileType = sourcecode.swift; path = AnyGraphQLSelectionSetTests.swift; sourceTree = "<group>"; };
		5B3A837522C6739A002B4FFB /* EventStreamQueueTests.swift */ = {isa = PBXFileReference; lastKnownFileType = sourcecode.swift; path = EventStreamQueueTests.swift; sourceTree = "<group>"; };
		5B3A838922C67F06002B4FFB /* EventStreamQueueMapTests.swift */ = {isa = PBXFileReference; lastKnownFileType = sourcecode.swift; path = EventStreamQueueMapTests.swift; sourceTree = "<group>"; };
		5B3A838C22C6856D002B4FFB /* JSErrorTests.swift */ = {isa = PBXFileReference; lastKnownFileType = sourcecode.swift; path = JSErrorTests.swift; sourceTree = "<group>"; };
		5B3A838E22C71F6F002B4FFB /* Record+JSONEncodableTests.swift */ = {isa = PBXFileReference; lastKnownFileType = sourcecode.swift; path = "Record+JSONEncodableTests.swift"; sourceTree = "<group>"; };
		5B3A839022C72167002B4FFB /* Reference+JSONEncodable.swift */ = {isa = PBXFileReference; lastKnownFileType = sourcecode.swift; path = "Reference+JSONEncodable.swift"; sourceTree = "<group>"; };
		5B3A839222C72197002B4FFB /* Reference+JSONEncodableTests.swift */ = {isa = PBXFileReference; lastKnownFileType = sourcecode.swift; path = "Reference+JSONEncodableTests.swift"; sourceTree = "<group>"; };
		5B3A839522C72235002B4FFB /* MutationStoreTests.swift */ = {isa = PBXFileReference; lastKnownFileType = sourcecode.swift; path = MutationStoreTests.swift; sourceTree = "<group>"; };
		5B3A839722C725BA002B4FFB /* QueryStoreTests.swift */ = {isa = PBXFileReference; lastKnownFileType = sourcecode.swift; path = QueryStoreTests.swift; sourceTree = "<group>"; };
		5B3A83A622C87FA2002B4FFB /* HTTPServer.swift */ = {isa = PBXFileReference; lastKnownFileType = sourcecode.swift; path = HTTPServer.swift; sourceTree = "<group>"; };
		5B3A83A822C89835002B4FFB /* FileHandle+Socket.swift */ = {isa = PBXFileReference; lastKnownFileType = sourcecode.swift; path = "FileHandle+Socket.swift"; sourceTree = "<group>"; };
		5B3A83AC22C93361002B4FFB /* HTTPServerTests.swift */ = {isa = PBXFileReference; lastKnownFileType = sourcecode.swift; path = HTTPServerTests.swift; sourceTree = "<group>"; };
		5B41218522C58EC800D01EE9 /* DebuggableNormalizedCacheTests.swift */ = {isa = PBXFileReference; lastKnownFileType = sourcecode.swift; path = DebuggableNormalizedCacheTests.swift; sourceTree = "<group>"; };
		5B60660022D64790002A2013 /* ApolloDebugServerTests.swift */ = {isa = PBXFileReference; lastKnownFileType = sourcecode.swift; path = ApolloDebugServerTests.swift; sourceTree = "<group>"; };
		5B630E3922B575DA0000994D /* QueryStore.swift */ = {isa = PBXFileReference; lastKnownFileType = sourcecode.swift; path = QueryStore.swift; sourceTree = "<group>"; };
		5B630E3D22B60A210000994D /* MutationStore.swift */ = {isa = PBXFileReference; lastKnownFileType = sourcecode.swift; path = MutationStore.swift; sourceTree = "<group>"; };
		5B630E3F22B60C990000994D /* QueryManager.swift */ = {isa = PBXFileReference; lastKnownFileType = sourcecode.swift; path = QueryManager.swift; sourceTree = "<group>"; };
		5B67343922BFC53A00A09DF7 /* GraphQLRequest.swift */ = {isa = PBXFileReference; lastKnownFileType = sourcecode.swift; path = GraphQLRequest.swift; sourceTree = "<group>"; };
		5B67343B22BFEFA500A09DF7 /* AnyGraphQLSelectionSet.swift */ = {isa = PBXFileReference; lastKnownFileType = sourcecode.swift; path = AnyGraphQLSelectionSet.swift; sourceTree = "<group>"; };
		5B71521F22DA007400002BA6 /* HTTPServerError.swift */ = {isa = PBXFileReference; lastKnownFileType = sourcecode.swift; path = HTTPServerError.swift; sourceTree = "<group>"; };
		5B71522122DA00CB00002BA6 /* HTTPServerErrorTests.swift */ = {isa = PBXFileReference; lastKnownFileType = sourcecode.swift; path = HTTPServerErrorTests.swift; sourceTree = "<group>"; };
		5B7C983022BA85AB000F4D7B /* EventStreamQueueMap.swift */ = {isa = PBXFileReference; lastKnownFileType = sourcecode.swift; path = EventStreamQueueMap.swift; sourceTree = "<group>"; };
		5B7C983222BA9325000F4D7B /* EventStreamChunk.swift */ = {isa = PBXFileReference; lastKnownFileType = sourcecode.swift; path = EventStreamChunk.swift; sourceTree = "<group>"; };
		5B8F2B8A22C059BB006922CE /* schema.json */ = {isa = PBXFileReference; fileEncoding = 4; lastKnownFileType = text.json; path = schema.json; sourceTree = "<group>"; };
		5B8F2B8B22C059BB006922CE /* AppDelegate.swift */ = {isa = PBXFileReference; fileEncoding = 4; lastKnownFileType = sourcecode.swift; path = AppDelegate.swift; sourceTree = "<group>"; };
		5B8F2B8C22C059BB006922CE /* PostListViewController.graphql */ = {isa = PBXFileReference; fileEncoding = 4; lastKnownFileType = text; path = PostListViewController.graphql; sourceTree = "<group>"; };
		5B8F2B8D22C059BB006922CE /* API.swift */ = {isa = PBXFileReference; fileEncoding = 4; lastKnownFileType = sourcecode.swift; path = API.swift; sourceTree = "<group>"; };
		5B8F2B8E22C059BB006922CE /* PostTableViewCell.swift */ = {isa = PBXFileReference; fileEncoding = 4; lastKnownFileType = sourcecode.swift; path = PostTableViewCell.swift; sourceTree = "<group>"; };
		5B8F2B8F22C059BC006922CE /* PostListViewController.swift */ = {isa = PBXFileReference; fileEncoding = 4; lastKnownFileType = sourcecode.swift; path = PostListViewController.swift; sourceTree = "<group>"; };
		5B8F2B9022C059BC006922CE /* PostTableViewCell.graphql */ = {isa = PBXFileReference; fileEncoding = 4; lastKnownFileType = text; path = PostTableViewCell.graphql; sourceTree = "<group>"; };
		5B8F2B9822C05AFD006922CE /* Main.storyboard */ = {isa = PBXFileReference; fileEncoding = 4; lastKnownFileType = file.storyboard; name = Main.storyboard; path = Base.lproj/Main.storyboard; sourceTree = "<group>"; };
		5B8F2BBB22C26F78006922CE /* EventStreamQueue.swift */ = {isa = PBXFileReference; lastKnownFileType = sourcecode.swift; path = EventStreamQueue.swift; sourceTree = "<group>"; };
		5BE2444622E0F6ED008EDAAD /* Makefile */ = {isa = PBXFileReference; explicitFileType = sourcecode.make; path = Makefile; sourceTree = "<group>"; usesTabs = 1; };
		5BF045FC22B6E62D0083A52D /* JSError.swift */ = {isa = PBXFileReference; lastKnownFileType = sourcecode.swift; path = JSError.swift; sourceTree = "<group>"; };
/* End PBXFileReference section */

/* Begin PBXFrameworksBuildPhase section */
		5B26FC1922B3DB0800359E63 /* Frameworks */ = {
			isa = PBXFrameworksBuildPhase;
			buildActionMask = 2147483647;
			files = (
			);
			runOnlyForDeploymentPostprocessing = 0;
		};
		5B26FC2222B3DB0800359E63 /* Frameworks */ = {
			isa = PBXFrameworksBuildPhase;
			buildActionMask = 2147483647;
			files = (
				5B0EC96222B6D856003D7933 /* Apollo.framework in Frameworks */,
				5B3A837722C674C0002B4FFB /* ApolloDeveloperKit.framework in Frameworks */,
			);
			runOnlyForDeploymentPostprocessing = 0;
		};
		5B26FC3722B3DB5500359E63 /* Frameworks */ = {
			isa = PBXFrameworksBuildPhase;
			buildActionMask = 2147483647;
			files = (
				5B2F821822B430A80025A211 /* Apollo.framework in Frameworks */,
				5BFF016722DF8BA600944131 /* ApolloDeveloperKit.framework in Frameworks */,
			);
			runOnlyForDeploymentPostprocessing = 0;
		};
/* End PBXFrameworksBuildPhase section */

/* Begin PBXGroup section */
		5B0EC95C22B6D68D003D7933 /* Classes */ = {
			isa = PBXGroup;
			children = (
				5B2E1B34230CD19E003C85CB /* Factory */,
				5B3A836F22C66A64002B4FFB /* GraphQL */,
				5B3A837422C67386002B4FFB /* EventStream */,
				5B3A838B22C6855C002B4FFB /* JSON */,
				5B3A839422C7221D002B4FFB /* Store */,
				5B3A83AB22C9333A002B4FFB /* WebServer */,
				5B60660022D64790002A2013 /* ApolloDebugServerTests.swift */,
				5B0EC95D22B6D728003D7933 /* DebuggableNetworkTransportTests.swift */,
				5B41218522C58EC800D01EE9 /* DebuggableNormalizedCacheTests.swift */,
			);
			path = Classes;
			sourceTree = "<group>";
		};
		5B26FC1222B3DB0800359E63 = {
			isa = PBXGroup;
			children = (
				5B26FC1E22B3DB0800359E63 /* Sources */,
				5B26FC2922B3DB0800359E63 /* Tests */,
				5BE2442122E0F53E008EDAAD /* InstallTests */,
				5B26FC3B22B3DB5600359E63 /* Example */,
				5B26FC1D22B3DB0800359E63 /* Products */,
				5B26FC4E22B3DCF400359E63 /* Frameworks */,
			);
			sourceTree = "<group>";
		};
		5B26FC1D22B3DB0800359E63 /* Products */ = {
			isa = PBXGroup;
			children = (
				5B26FC1C22B3DB0800359E63 /* ApolloDeveloperKit.framework */,
				5B26FC2522B3DB0800359E63 /* ApolloDeveloperKitTests.xctest */,
				5B26FC3A22B3DB5500359E63 /* ApolloDeveloperKitExample.app */,
			);
			name = Products;
			sourceTree = "<group>";
		};
		5B26FC1E22B3DB0800359E63 /* Sources */ = {
			isa = PBXGroup;
			children = (
				5B2F84F722B4A8190025A211 /* Assets */,
				5B2F84E322B431920025A211 /* Classes */,
				5B26FC1F22B3DB0800359E63 /* ApolloDeveloperKit.h */,
				5B26FC2022B3DB0800359E63 /* Info.plist */,
			);
			path = Sources;
			sourceTree = "<group>";
		};
		5B26FC2922B3DB0800359E63 /* Tests */ = {
			isa = PBXGroup;
			children = (
				5B0EC95C22B6D68D003D7933 /* Classes */,
				5B26FC2C22B3DB0800359E63 /* Info.plist */,
				5B0EC96122B6D7C1003D7933 /* ApolloDeveloperKitTests-Bridging-Header.h */,
			);
			path = Tests;
			sourceTree = "<group>";
		};
		5B26FC3B22B3DB5600359E63 /* Example */ = {
			isa = PBXGroup;
			children = (
				5B8F2B9822C05AFD006922CE /* Main.storyboard */,
				5B8F2B8D22C059BB006922CE /* API.swift */,
				5B8F2B8B22C059BB006922CE /* AppDelegate.swift */,
				5B8F2B8C22C059BB006922CE /* PostListViewController.graphql */,
				5B8F2B8F22C059BC006922CE /* PostListViewController.swift */,
				5B8F2B9022C059BC006922CE /* PostTableViewCell.graphql */,
				5B8F2B8E22C059BB006922CE /* PostTableViewCell.swift */,
				5B8F2B8A22C059BB006922CE /* schema.json */,
				5B26FC4322B3DB5800359E63 /* Assets.xcassets */,
				5B26FC4522B3DB5800359E63 /* LaunchScreen.storyboard */,
				5B26FC4822B3DB5800359E63 /* Info.plist */,
			);
			path = Example;
			sourceTree = "<group>";
		};
		5B26FC4E22B3DCF400359E63 /* Frameworks */ = {
			isa = PBXGroup;
			children = (
				5B2F821322B430A80025A211 /* Apollo.framework */,
				5B2F821222B430A80025A211 /* ApolloSQLite.framework */,
				5B2F821122B430A80025A211 /* ApolloWebSocket.framework */,
				5B2F821022B430A80025A211 /* SQLite.framework */,
				5B2F820F22B430A80025A211 /* Starscream.framework */,
			);
			name = Frameworks;
			sourceTree = "<group>";
		};
		5B2E1B34230CD19E003C85CB /* Factory */ = {
			isa = PBXGroup;
			children = (
				5B2E1B35230CD1BA003C85CB /* ifaddrs+Factory.swift */,
				5B2E1B37230CD1D0003C85CB /* sockaddr+Factory.swift */,
			);
			path = Factory;
			sourceTree = "<group>";
		};
		5B2F84E322B431920025A211 /* Classes */ = {
			isa = PBXGroup;
			children = (
				5B67343D22BFF02200A09DF7 /* GraphQL */,
				5B7C983522BAB9F2000F4D7B /* EventStream */,
				5B7C983622BABA06000F4D7B /* JSON */,
				5B7C983422BAB9E3000F4D7B /* Store */,
				5B3A83A522C87F3B002B4FFB /* WebServer */,
				5B2F84F022B4378B0025A211 /* ApolloDebugServer.swift */,
				5B2F84E622B432730025A211 /* DebuggableNetworkTransport.swift */,
				5B2F84E422B4321E0025A211 /* DebuggableNormalizedCache.swift */,
			);
			path = Classes;
			sourceTree = "<group>";
		};
		5B3A836F22C66A64002B4FFB /* GraphQL */ = {
			isa = PBXGroup;
			children = (
				5B3A837022C66A7D002B4FFB /* GraphQLRequestTests.swift */,
				5B3A837222C6721D002B4FFB /* AnyGraphQLSelectionSetTests.swift */,
			);
			path = GraphQL;
			sourceTree = "<group>";
		};
		5B3A837422C67386002B4FFB /* EventStream */ = {
			isa = PBXGroup;
			children = (
				5B1C9E7F233631FE00831F87 /* EventStreamChunkTests.swift */,
				5B3A837522C6739A002B4FFB /* EventStreamQueueTests.swift */,
				5B3A838922C67F06002B4FFB /* EventStreamQueueMapTests.swift */,
			);
			path = EventStream;
			sourceTree = "<group>";
		};
		5B3A838B22C6855C002B4FFB /* JSON */ = {
			isa = PBXGroup;
			children = (
				5B3A838C22C6856D002B4FFB /* JSErrorTests.swift */,
				5B3A838E22C71F6F002B4FFB /* Record+JSONEncodableTests.swift */,
				5B3A839222C72197002B4FFB /* Reference+JSONEncodableTests.swift */,
			);
			path = JSON;
			sourceTree = "<group>";
		};
		5B3A839422C7221D002B4FFB /* Store */ = {
			isa = PBXGroup;
			children = (
				5B3A839522C72235002B4FFB /* MutationStoreTests.swift */,
				5B3A839722C725BA002B4FFB /* QueryStoreTests.swift */,
			);
			path = Store;
			sourceTree = "<group>";
		};
		5B3A83A522C87F3B002B4FFB /* WebServer */ = {
			isa = PBXGroup;
			children = (
				5B3A83A622C87FA2002B4FFB /* HTTPServer.swift */,
				5B71521F22DA007400002BA6 /* HTTPServerError.swift */,
				5B3A83A822C89835002B4FFB /* FileHandle+Socket.swift */,
				5B0051102308848E00B9B2B2 /* NetworkInterface.swift */,
				5B0051122309125F00B9B2B2 /* NetworkInterfaceList.swift */,
			);
			path = WebServer;
			sourceTree = "<group>";
		};
		5B3A83AB22C9333A002B4FFB /* WebServer */ = {
			isa = PBXGroup;
			children = (
				5B3A83AC22C93361002B4FFB /* HTTPServerTests.swift */,
				5B71522122DA00CB00002BA6 /* HTTPServerErrorTests.swift */,
				5B2E1B2C230CC93C003C85CB /* NetworkInterfaceTests.swift */,
				5B2E1B28230C2CE0003C85CB /* NetworkInterfaceListTests.swift */,
			);
			path = WebServer;
			sourceTree = "<group>";
		};
		5B67343D22BFF02200A09DF7 /* GraphQL */ = {
			isa = PBXGroup;
			children = (
				5B67343922BFC53A00A09DF7 /* GraphQLRequest.swift */,
				5B67343B22BFEFA500A09DF7 /* AnyGraphQLSelectionSet.swift */,
			);
			path = GraphQL;
			sourceTree = "<group>";
		};
		5B7C983422BAB9E3000F4D7B /* Store */ = {
			isa = PBXGroup;
			children = (
				5B630E3F22B60C990000994D /* QueryManager.swift */,
				5B630E3D22B60A210000994D /* MutationStore.swift */,
				5B630E3922B575DA0000994D /* QueryStore.swift */,
			);
			path = Store;
			sourceTree = "<group>";
		};
		5B7C983522BAB9F2000F4D7B /* EventStream */ = {
			isa = PBXGroup;
			children = (
				5B7C983222BA9325000F4D7B /* EventStreamChunk.swift */,
				5B7C983022BA85AB000F4D7B /* EventStreamQueueMap.swift */,
				5B8F2BBB22C26F78006922CE /* EventStreamQueue.swift */,
			);
			path = EventStream;
			sourceTree = "<group>";
		};
		5B7C983622BABA06000F4D7B /* JSON */ = {
			isa = PBXGroup;
			children = (
				5BF045FC22B6E62D0083A52D /* JSError.swift */,
				5B2F84F922B4C8F40025A211 /* Record+JSONEncodable.swift */,
				5B3A839022C72167002B4FFB /* Reference+JSONEncodable.swift */,
			);
			path = JSON;
			sourceTree = "<group>";
		};
		5BE2442122E0F53E008EDAAD /* InstallTests */ = {
			isa = PBXGroup;
			children = (
				5BE2444622E0F6ED008EDAAD /* Makefile */,
			);
			path = InstallTests;
			sourceTree = "<group>";
		};
/* End PBXGroup section */

/* Begin PBXHeadersBuildPhase section */
		5B26FC1722B3DB0800359E63 /* Headers */ = {
			isa = PBXHeadersBuildPhase;
			buildActionMask = 2147483647;
			files = (
				5B26FC2D22B3DB0800359E63 /* ApolloDeveloperKit.h in Headers */,
			);
			runOnlyForDeploymentPostprocessing = 0;
		};
/* End PBXHeadersBuildPhase section */

/* Begin PBXLegacyTarget section */
		5BE2444722E0F902008EDAAD /* ApolloDeveloperKitInstallTests */ = {
			isa = PBXLegacyTarget;
			buildArgumentsString = "$(ACTION)";
			buildConfigurationList = 5BE2444822E0F902008EDAAD /* Build configuration list for PBXLegacyTarget "ApolloDeveloperKitInstallTests" */;
			buildPhases = (
			);
			buildToolPath = /usr/bin/make;
			buildWorkingDirectory = "$(SRCROOT)/InstallTests";
			dependencies = (
			);
			name = ApolloDeveloperKitInstallTests;
			passBuildSettingsInEnvironment = 1;
			productName = ApolloDeveloperKitInstallTests;
		};
/* End PBXLegacyTarget section */

/* Begin PBXNativeTarget section */
		5B26FC1B22B3DB0800359E63 /* ApolloDeveloperKit */ = {
			isa = PBXNativeTarget;
			buildConfigurationList = 5B26FC3022B3DB0800359E63 /* Build configuration list for PBXNativeTarget "ApolloDeveloperKit" */;
			buildPhases = (
				5B26FC1722B3DB0800359E63 /* Headers */,
				5B26FC1822B3DB0800359E63 /* Sources */,
				5B26FC1922B3DB0800359E63 /* Frameworks */,
				5B26FC1A22B3DB0800359E63 /* Resources */,
			);
			buildRules = (
			);
			dependencies = (
			);
			name = ApolloDeveloperKit;
			productName = ApolloDeveloperKit;
			productReference = 5B26FC1C22B3DB0800359E63 /* ApolloDeveloperKit.framework */;
			productType = "com.apple.product-type.framework";
		};
		5B26FC2422B3DB0800359E63 /* ApolloDeveloperKitTests */ = {
			isa = PBXNativeTarget;
			buildConfigurationList = 5B26FC3322B3DB0800359E63 /* Build configuration list for PBXNativeTarget "ApolloDeveloperKitTests" */;
			buildPhases = (
				5B26FC2122B3DB0800359E63 /* Sources */,
				5B26FC2222B3DB0800359E63 /* Frameworks */,
				5B26FC2322B3DB0800359E63 /* Resources */,
				5B0EC96822B6D8AD003D7933 /* Carthage Copy Frameworks */,
			);
			buildRules = (
			);
			dependencies = (
				5B26FC2822B3DB0800359E63 /* PBXTargetDependency */,
			);
			name = ApolloDeveloperKitTests;
			productName = ApolloDeveloperKitTests;
			productReference = 5B26FC2522B3DB0800359E63 /* ApolloDeveloperKitTests.xctest */;
			productType = "com.apple.product-type.bundle.unit-test";
		};
		5B26FC3922B3DB5500359E63 /* ApolloDeveloperKitExample */ = {
			isa = PBXNativeTarget;
			buildConfigurationList = 5B26FC4922B3DB5800359E63 /* Build configuration list for PBXNativeTarget "ApolloDeveloperKitExample" */;
			buildPhases = (
				5B26FC3622B3DB5500359E63 /* Sources */,
				5B26FC3722B3DB5500359E63 /* Frameworks */,
				5B26FC3822B3DB5500359E63 /* Resources */,
				5B26FC5822B3DD1D00359E63 /* Carthage Copy Frameworks */,
				5BFF016B22DF8BA600944131 /* Embed Frameworks */,
			);
			buildRules = (
			);
			dependencies = (
				5BFF016A22DF8BA600944131 /* PBXTargetDependency */,
			);
			name = ApolloDeveloperKitExample;
			productName = ApolloDeveloperKitExample;
			productReference = 5B26FC3A22B3DB5500359E63 /* ApolloDeveloperKitExample.app */;
			productType = "com.apple.product-type.application";
		};
/* End PBXNativeTarget section */

/* Begin PBXProject section */
		5B26FC1322B3DB0800359E63 /* Project object */ = {
			isa = PBXProject;
			attributes = {
				LastSwiftUpdateCheck = 1010;
				LastUpgradeCheck = 1010;
				ORGANIZATIONNAME = "Ryosuke Ito";
				TargetAttributes = {
					5B26FC1B22B3DB0800359E63 = {
						CreatedOnToolsVersion = 10.1;
						LastSwiftMigration = 1010;
					};
					5B26FC2422B3DB0800359E63 = {
						CreatedOnToolsVersion = 10.1;
						LastSwiftMigration = 1010;
					};
					5B26FC3922B3DB5500359E63 = {
						CreatedOnToolsVersion = 10.1;
						LastSwiftMigration = 1010;
					};
					5BE2444722E0F902008EDAAD = {
						CreatedOnToolsVersion = 10.2.1;
					};
				};
			};
			buildConfigurationList = 5B26FC1622B3DB0800359E63 /* Build configuration list for PBXProject "ApolloDeveloperKit" */;
			compatibilityVersion = "Xcode 9.3";
			developmentRegion = en;
			hasScannedForEncodings = 0;
			knownRegions = (
				en,
				Base,
			);
			mainGroup = 5B26FC1222B3DB0800359E63;
			productRefGroup = 5B26FC1D22B3DB0800359E63 /* Products */;
			projectDirPath = "";
			projectRoot = "";
			targets = (
				5B26FC1B22B3DB0800359E63 /* ApolloDeveloperKit */,
				5B26FC2422B3DB0800359E63 /* ApolloDeveloperKitTests */,
				5B26FC3922B3DB5500359E63 /* ApolloDeveloperKitExample */,
				5BE2444722E0F902008EDAAD /* ApolloDeveloperKitInstallTests */,
			);
		};
/* End PBXProject section */

/* Begin PBXResourcesBuildPhase section */
		5B26FC1A22B3DB0800359E63 /* Resources */ = {
			isa = PBXResourcesBuildPhase;
			buildActionMask = 2147483647;
			files = (
				5B2F84F822B4A81A0025A211 /* Assets in Resources */,
			);
			runOnlyForDeploymentPostprocessing = 0;
		};
		5B26FC2322B3DB0800359E63 /* Resources */ = {
			isa = PBXResourcesBuildPhase;
			buildActionMask = 2147483647;
			files = (
			);
			runOnlyForDeploymentPostprocessing = 0;
		};
		5B26FC3822B3DB5500359E63 /* Resources */ = {
			isa = PBXResourcesBuildPhase;
			buildActionMask = 2147483647;
			files = (
				5B26FC4722B3DB5800359E63 /* LaunchScreen.storyboard in Resources */,
				5B8F2B9122C059BC006922CE /* schema.json in Resources */,
				5B26FC4422B3DB5800359E63 /* Assets.xcassets in Resources */,
				5B8F2B9922C05AFD006922CE /* Main.storyboard in Resources */,
			);
			runOnlyForDeploymentPostprocessing = 0;
		};
/* End PBXResourcesBuildPhase section */

/* Begin PBXShellScriptBuildPhase section */
		5B0EC96822B6D8AD003D7933 /* Carthage Copy Frameworks */ = {
			isa = PBXShellScriptBuildPhase;
			buildActionMask = 2147483647;
			files = (
			);
			inputFileListPaths = (
			);
			inputPaths = (
				"$(SRCROOT)/Carthage/Build/iOS/Apollo.framework",
			);
			name = "Carthage Copy Frameworks";
			outputFileListPaths = (
			);
			outputPaths = (
			);
			runOnlyForDeploymentPostprocessing = 0;
			shellPath = /bin/sh;
			shellScript = "set -e\n\nfor CARTHAGE_SEARCH_PATH in $CARTHAGE_SEARCH_PATHS\ndo\n    if [ -x \"${CARTHAGE_SEARCH_PATH}/carthage\" ]; then\n        \"${CARTHAGE_SEARCH_PATH}/carthage\" copy-frameworks\n        exit $?\n    fi\ndone\nexit 127\n";
		};
		5B26FC5822B3DD1D00359E63 /* Carthage Copy Frameworks */ = {
			isa = PBXShellScriptBuildPhase;
			buildActionMask = 2147483647;
			files = (
			);
			inputFileListPaths = (
			);
			inputPaths = (
				"$(SRCROOT)/Carthage/Build/iOS/Apollo.framework",
			);
			name = "Carthage Copy Frameworks";
			outputFileListPaths = (
			);
			outputPaths = (
			);
			runOnlyForDeploymentPostprocessing = 0;
			shellPath = /bin/sh;
			shellScript = "set -e\n\nfor CARTHAGE_SEARCH_PATH in $CARTHAGE_SEARCH_PATHS\ndo\n    if [ -x \"${CARTHAGE_SEARCH_PATH}/carthage\" ]; then\n        \"${CARTHAGE_SEARCH_PATH}/carthage\" copy-frameworks\n        exit $?\n    fi\ndone\nexit 127\n";
		};
/* End PBXShellScriptBuildPhase section */

/* Begin PBXSourcesBuildPhase section */
		5B26FC1822B3DB0800359E63 /* Sources */ = {
			isa = PBXSourcesBuildPhase;
			buildActionMask = 2147483647;
			files = (
				5B67343C22BFEFA500A09DF7 /* AnyGraphQLSelectionSet.swift in Sources */,
				5B8F2BBC22C26F78006922CE /* EventStreamQueue.swift in Sources */,
				5B0051132309125F00B9B2B2 /* NetworkInterfaceList.swift in Sources */,
				5B3A83A922C89835002B4FFB /* FileHandle+Socket.swift in Sources */,
				5B2F84E722B432730025A211 /* DebuggableNetworkTransport.swift in Sources */,
				5B630E3A22B575DA0000994D /* QueryStore.swift in Sources */,
				5B2F84E522B4321E0025A211 /* DebuggableNormalizedCache.swift in Sources */,
				5B630E3E22B60A210000994D /* MutationStore.swift in Sources */,
				5B7C983322BA9325000F4D7B /* EventStreamChunk.swift in Sources */,
				5B2F84FA22B4C8F40025A211 /* Record+JSONEncodable.swift in Sources */,
				5B0051112308848E00B9B2B2 /* NetworkInterface.swift in Sources */,
				5B7C983122BA85AB000F4D7B /* EventStreamQueueMap.swift in Sources */,
				5B630E4022B60C990000994D /* QueryManager.swift in Sources */,
				5B2F84F122B4378B0025A211 /* ApolloDebugServer.swift in Sources */,
				5B3A83A722C87FA2002B4FFB /* HTTPServer.swift in Sources */,
				5B3A839122C72168002B4FFB /* Reference+JSONEncodable.swift in Sources */,
				5B71522022DA007400002BA6 /* HTTPServerError.swift in Sources */,
				5BF045FD22B6E62D0083A52D /* JSError.swift in Sources */,
				5B67343A22BFC53A00A09DF7 /* GraphQLRequest.swift in Sources */,
			);
			runOnlyForDeploymentPostprocessing = 0;
		};
		5B26FC2122B3DB0800359E63 /* Sources */ = {
			isa = PBXSourcesBuildPhase;
			buildActionMask = 2147483647;
			files = (
				5B3A837622C6739A002B4FFB /* EventStreamQueueTests.swift in Sources */,
				5B3A837322C6721D002B4FFB /* AnyGraphQLSelectionSetTests.swift in Sources */,
				5B3A83AD22C93361002B4FFB /* HTTPServerTests.swift in Sources */,
				5B2E1B38230CD1D0003C85CB /* sockaddr+Factory.swift in Sources */,
				5B3A839622C72235002B4FFB /* MutationStoreTests.swift in Sources */,
				5B2E1B36230CD1BA003C85CB /* ifaddrs+Factory.swift in Sources */,
				5B2E1B2D230CC93C003C85CB /* NetworkInterfaceTests.swift in Sources */,
				5B60660122D64790002A2013 /* ApolloDebugServerTests.swift in Sources */,
				5B71522222DA00CB00002BA6 /* HTTPServerErrorTests.swift in Sources */,
				5B1C9E80233631FE00831F87 /* EventStreamChunkTests.swift in Sources */,
				5B2E1B29230C2CE0003C85CB /* NetworkInterfaceListTests.swift in Sources */,
				5B0EC95E22B6D728003D7933 /* DebuggableNetworkTransportTests.swift in Sources */,
				5B3A838A22C67F06002B4FFB /* EventStreamQueueMapTests.swift in Sources */,
				5B3A838D22C6856D002B4FFB /* JSErrorTests.swift in Sources */,
				5B3A839322C72197002B4FFB /* Reference+JSONEncodableTests.swift in Sources */,
				5B41218622C58EC800D01EE9 /* DebuggableNormalizedCacheTests.swift in Sources */,
				5B3A838F22C71F6F002B4FFB /* Record+JSONEncodableTests.swift in Sources */,
				5B3A839822C725BA002B4FFB /* QueryStoreTests.swift in Sources */,
				5B3A837122C66A7D002B4FFB /* GraphQLRequestTests.swift in Sources */,
			);
			runOnlyForDeploymentPostprocessing = 0;
		};
		5B26FC3622B3DB5500359E63 /* Sources */ = {
			isa = PBXSourcesBuildPhase;
			buildActionMask = 2147483647;
			files = (
				5B8F2B9622C059BC006922CE /* PostListViewController.swift in Sources */,
				5B8F2B9422C059BC006922CE /* API.swift in Sources */,
				5B8F2B9222C059BC006922CE /* AppDelegate.swift in Sources */,
				5B8F2B9522C059BC006922CE /* PostTableViewCell.swift in Sources */,
			);
			runOnlyForDeploymentPostprocessing = 0;
		};
/* End PBXSourcesBuildPhase section */

/* Begin PBXTargetDependency section */
		5B26FC2822B3DB0800359E63 /* PBXTargetDependency */ = {
			isa = PBXTargetDependency;
			target = 5B26FC1B22B3DB0800359E63 /* ApolloDeveloperKit */;
			targetProxy = 5B26FC2722B3DB0800359E63 /* PBXContainerItemProxy */;
		};
		5BFF016A22DF8BA600944131 /* PBXTargetDependency */ = {
			isa = PBXTargetDependency;
			target = 5B26FC1B22B3DB0800359E63 /* ApolloDeveloperKit */;
			targetProxy = 5BFF016922DF8BA600944131 /* PBXContainerItemProxy */;
		};
/* End PBXTargetDependency section */

/* Begin PBXVariantGroup section */
		5B26FC4522B3DB5800359E63 /* LaunchScreen.storyboard */ = {
			isa = PBXVariantGroup;
			children = (
				5B26FC4622B3DB5800359E63 /* Base */,
			);
			name = LaunchScreen.storyboard;
			sourceTree = "<group>";
		};
/* End PBXVariantGroup section */

/* Begin XCBuildConfiguration section */
		5B26FC2E22B3DB0800359E63 /* Debug */ = {
			isa = XCBuildConfiguration;
			buildSettings = {
				ALWAYS_SEARCH_USER_PATHS = NO;
				CLANG_ANALYZER_NONNULL = YES;
				CLANG_ANALYZER_NUMBER_OBJECT_CONVERSION = YES_AGGRESSIVE;
				CLANG_CXX_LANGUAGE_STANDARD = "gnu++14";
				CLANG_CXX_LIBRARY = "libc++";
				CLANG_ENABLE_MODULES = YES;
				CLANG_ENABLE_OBJC_ARC = YES;
				CLANG_ENABLE_OBJC_WEAK = YES;
				CLANG_WARN_BLOCK_CAPTURE_AUTORELEASING = YES;
				CLANG_WARN_BOOL_CONVERSION = YES;
				CLANG_WARN_COMMA = YES;
				CLANG_WARN_CONSTANT_CONVERSION = YES;
				CLANG_WARN_DEPRECATED_OBJC_IMPLEMENTATIONS = YES;
				CLANG_WARN_DIRECT_OBJC_ISA_USAGE = YES_ERROR;
				CLANG_WARN_DOCUMENTATION_COMMENTS = YES;
				CLANG_WARN_EMPTY_BODY = YES;
				CLANG_WARN_ENUM_CONVERSION = YES;
				CLANG_WARN_INFINITE_RECURSION = YES;
				CLANG_WARN_INT_CONVERSION = YES;
				CLANG_WARN_NON_LITERAL_NULL_CONVERSION = YES;
				CLANG_WARN_OBJC_IMPLICIT_RETAIN_SELF = YES;
				CLANG_WARN_OBJC_LITERAL_CONVERSION = YES;
				CLANG_WARN_OBJC_ROOT_CLASS = YES_ERROR;
				CLANG_WARN_RANGE_LOOP_ANALYSIS = YES;
				CLANG_WARN_STRICT_PROTOTYPES = YES;
				CLANG_WARN_SUSPICIOUS_MOVE = YES;
				CLANG_WARN_UNGUARDED_AVAILABILITY = YES_AGGRESSIVE;
				CLANG_WARN_UNREACHABLE_CODE = YES;
				CLANG_WARN__DUPLICATE_METHOD_MATCH = YES;
				CODE_SIGN_IDENTITY = "iPhone Developer";
				CODE_SIGN_STYLE = Manual;
				COPY_PHASE_STRIP = NO;
				CURRENT_PROJECT_VERSION = 1;
				DEBUG_INFORMATION_FORMAT = dwarf;
				ENABLE_STRICT_OBJC_MSGSEND = YES;
				ENABLE_TESTABILITY = YES;
				GCC_C_LANGUAGE_STANDARD = gnu11;
				GCC_DYNAMIC_NO_PIC = NO;
				GCC_NO_COMMON_BLOCKS = YES;
				GCC_OPTIMIZATION_LEVEL = 0;
				GCC_PREPROCESSOR_DEFINITIONS = (
					"DEBUG=1",
					"$(inherited)",
				);
				GCC_WARN_64_TO_32_BIT_CONVERSION = YES;
				GCC_WARN_ABOUT_RETURN_TYPE = YES_ERROR;
				GCC_WARN_UNDECLARED_SELECTOR = YES;
				GCC_WARN_UNINITIALIZED_AUTOS = YES_AGGRESSIVE;
				GCC_WARN_UNUSED_FUNCTION = YES;
				GCC_WARN_UNUSED_VARIABLE = YES;
				IPHONEOS_DEPLOYMENT_TARGET = 10.0;
				MTL_ENABLE_DEBUG_INFO = INCLUDE_SOURCE;
				MTL_FAST_MATH = YES;
				ONLY_ACTIVE_ARCH = YES;
				SDKROOT = iphoneos;
				SWIFT_ACTIVE_COMPILATION_CONDITIONS = DEBUG;
				SWIFT_OPTIMIZATION_LEVEL = "-Onone";
				VERSIONING_SYSTEM = "apple-generic";
				VERSION_INFO_PREFIX = "";
			};
			name = Debug;
		};
		5B26FC2F22B3DB0800359E63 /* Release */ = {
			isa = XCBuildConfiguration;
			buildSettings = {
				ALWAYS_SEARCH_USER_PATHS = NO;
				CLANG_ANALYZER_NONNULL = YES;
				CLANG_ANALYZER_NUMBER_OBJECT_CONVERSION = YES_AGGRESSIVE;
				CLANG_CXX_LANGUAGE_STANDARD = "gnu++14";
				CLANG_CXX_LIBRARY = "libc++";
				CLANG_ENABLE_MODULES = YES;
				CLANG_ENABLE_OBJC_ARC = YES;
				CLANG_ENABLE_OBJC_WEAK = YES;
				CLANG_WARN_BLOCK_CAPTURE_AUTORELEASING = YES;
				CLANG_WARN_BOOL_CONVERSION = YES;
				CLANG_WARN_COMMA = YES;
				CLANG_WARN_CONSTANT_CONVERSION = YES;
				CLANG_WARN_DEPRECATED_OBJC_IMPLEMENTATIONS = YES;
				CLANG_WARN_DIRECT_OBJC_ISA_USAGE = YES_ERROR;
				CLANG_WARN_DOCUMENTATION_COMMENTS = YES;
				CLANG_WARN_EMPTY_BODY = YES;
				CLANG_WARN_ENUM_CONVERSION = YES;
				CLANG_WARN_INFINITE_RECURSION = YES;
				CLANG_WARN_INT_CONVERSION = YES;
				CLANG_WARN_NON_LITERAL_NULL_CONVERSION = YES;
				CLANG_WARN_OBJC_IMPLICIT_RETAIN_SELF = YES;
				CLANG_WARN_OBJC_LITERAL_CONVERSION = YES;
				CLANG_WARN_OBJC_ROOT_CLASS = YES_ERROR;
				CLANG_WARN_RANGE_LOOP_ANALYSIS = YES;
				CLANG_WARN_STRICT_PROTOTYPES = YES;
				CLANG_WARN_SUSPICIOUS_MOVE = YES;
				CLANG_WARN_UNGUARDED_AVAILABILITY = YES_AGGRESSIVE;
				CLANG_WARN_UNREACHABLE_CODE = YES;
				CLANG_WARN__DUPLICATE_METHOD_MATCH = YES;
				CODE_SIGN_IDENTITY = "iPhone Developer";
				CODE_SIGN_STYLE = Manual;
				COPY_PHASE_STRIP = NO;
				CURRENT_PROJECT_VERSION = 1;
				DEBUG_INFORMATION_FORMAT = "dwarf-with-dsym";
				ENABLE_NS_ASSERTIONS = NO;
				ENABLE_STRICT_OBJC_MSGSEND = YES;
				GCC_C_LANGUAGE_STANDARD = gnu11;
				GCC_NO_COMMON_BLOCKS = YES;
				GCC_WARN_64_TO_32_BIT_CONVERSION = YES;
				GCC_WARN_ABOUT_RETURN_TYPE = YES_ERROR;
				GCC_WARN_UNDECLARED_SELECTOR = YES;
				GCC_WARN_UNINITIALIZED_AUTOS = YES_AGGRESSIVE;
				GCC_WARN_UNUSED_FUNCTION = YES;
				GCC_WARN_UNUSED_VARIABLE = YES;
				IPHONEOS_DEPLOYMENT_TARGET = 10.0;
				MTL_ENABLE_DEBUG_INFO = NO;
				MTL_FAST_MATH = YES;
				SDKROOT = iphoneos;
				SWIFT_COMPILATION_MODE = wholemodule;
				SWIFT_OPTIMIZATION_LEVEL = "-O";
				VALIDATE_PRODUCT = YES;
				VERSIONING_SYSTEM = "apple-generic";
				VERSION_INFO_PREFIX = "";
			};
			name = Release;
		};
		5B26FC3122B3DB0800359E63 /* Debug */ = {
			isa = XCBuildConfiguration;
			buildSettings = {
				CLANG_ENABLE_MODULES = YES;
				CODE_SIGN_IDENTITY = "";
				DEFINES_MODULE = YES;
				DYLIB_COMPATIBILITY_VERSION = 1;
				DYLIB_CURRENT_VERSION = 1;
				DYLIB_INSTALL_NAME_BASE = "@rpath";
				FRAMEWORK_SEARCH_PATHS = (
					"$(inherited)",
					"$(PROJECT_DIR)/Carthage/Build/iOS",
				);
				INFOPLIST_FILE = Sources/Info.plist;
				INSTALL_PATH = "$(LOCAL_LIBRARY_DIR)/Frameworks";
				LD_RUNPATH_SEARCH_PATHS = (
					"$(inherited)",
					"@executable_path/Frameworks",
					"@loader_path/Frameworks",
				);
				PRODUCT_BUNDLE_IDENTIFIER = com.github.manicmaniac.ApolloDeveloperKit;
				PRODUCT_NAME = "$(TARGET_NAME:c99extidentifier)";
				SKIP_INSTALL = YES;
				SWIFT_OPTIMIZATION_LEVEL = "-Onone";
				SWIFT_VERSION = 4.2;
				TARGETED_DEVICE_FAMILY = "1,2";
			};
			name = Debug;
		};
		5B26FC3222B3DB0800359E63 /* Release */ = {
			isa = XCBuildConfiguration;
			buildSettings = {
				CLANG_ENABLE_MODULES = YES;
				CODE_SIGN_IDENTITY = "";
				DEFINES_MODULE = YES;
				DYLIB_COMPATIBILITY_VERSION = 1;
				DYLIB_CURRENT_VERSION = 1;
				DYLIB_INSTALL_NAME_BASE = "@rpath";
				FRAMEWORK_SEARCH_PATHS = (
					"$(inherited)",
					"$(PROJECT_DIR)/Carthage/Build/iOS",
				);
				INFOPLIST_FILE = Sources/Info.plist;
				INSTALL_PATH = "$(LOCAL_LIBRARY_DIR)/Frameworks";
				LD_RUNPATH_SEARCH_PATHS = (
					"$(inherited)",
					"@executable_path/Frameworks",
					"@loader_path/Frameworks",
				);
				PRODUCT_BUNDLE_IDENTIFIER = com.github.manicmaniac.ApolloDeveloperKit;
				PRODUCT_NAME = "$(TARGET_NAME:c99extidentifier)";
				SKIP_INSTALL = YES;
				SWIFT_VERSION = 4.2;
				TARGETED_DEVICE_FAMILY = "1,2";
			};
			name = Release;
		};
		5B26FC3422B3DB0800359E63 /* Debug */ = {
			isa = XCBuildConfiguration;
			buildSettings = {
				ALWAYS_EMBED_SWIFT_STANDARD_LIBRARIES = YES;
				CARTHAGE_SEARCH_PATHS = "/opt/local/bin /usr/local/bin /usr/bin /bin";
				CLANG_ENABLE_MODULES = YES;
				FRAMEWORK_SEARCH_PATHS = (
					"$(inherited)",
					"$(PROJECT_DIR)/Carthage/Build/iOS",
				);
				INFOPLIST_FILE = Tests/Info.plist;
				LD_RUNPATH_SEARCH_PATHS = (
					"$(inherited)",
					"@executable_path/Frameworks",
					"@loader_path/Frameworks",
				);
				PRODUCT_BUNDLE_IDENTIFIER = com.github.manicmaniac.ApolloDeveloperKitTests;
				PRODUCT_NAME = "$(TARGET_NAME)";
				SWIFT_OBJC_BRIDGING_HEADER = "$(SRCROOT)/Tests/ApolloDeveloperKitTests-Bridging-Header.h";
				SWIFT_OPTIMIZATION_LEVEL = "-Onone";
				SWIFT_VERSION = 4.2;
				TARGETED_DEVICE_FAMILY = "1,2";
			};
			name = Debug;
		};
		5B26FC3522B3DB0800359E63 /* Release */ = {
			isa = XCBuildConfiguration;
			buildSettings = {
				ALWAYS_EMBED_SWIFT_STANDARD_LIBRARIES = YES;
				CARTHAGE_SEARCH_PATHS = "/opt/local/bin /usr/local/bin /usr/bin /bin";
				CLANG_ENABLE_MODULES = YES;
				FRAMEWORK_SEARCH_PATHS = (
					"$(inherited)",
					"$(PROJECT_DIR)/Carthage/Build/iOS",
				);
				INFOPLIST_FILE = Tests/Info.plist;
				LD_RUNPATH_SEARCH_PATHS = (
					"$(inherited)",
					"@executable_path/Frameworks",
					"@loader_path/Frameworks",
				);
				PRODUCT_BUNDLE_IDENTIFIER = com.github.manicmaniac.ApolloDeveloperKitTests;
				PRODUCT_NAME = "$(TARGET_NAME)";
				SWIFT_OBJC_BRIDGING_HEADER = "$(SRCROOT)/Tests/ApolloDeveloperKitTests-Bridging-Header.h";
				SWIFT_VERSION = 4.2;
				TARGETED_DEVICE_FAMILY = "1,2";
			};
			name = Release;
		};
		5B26FC4A22B3DB5800359E63 /* Debug */ = {
			isa = XCBuildConfiguration;
			buildSettings = {
				ALWAYS_EMBED_SWIFT_STANDARD_LIBRARIES = YES;
				ASSETCATALOG_COMPILER_APPICON_NAME = AppIcon;
				CARTHAGE_SEARCH_PATHS = "/opt/local/bin /usr/local/bin /usr/bin /bin";
				CLANG_ENABLE_MODULES = YES;
				FRAMEWORK_SEARCH_PATHS = (
					"$(inherited)",
					"$(PROJECT_DIR)/Carthage/Build/iOS",
				);
				INFOPLIST_FILE = Example/Info.plist;
				LD_RUNPATH_SEARCH_PATHS = (
					"$(inherited)",
					"@executable_path/Frameworks",
				);
				PRODUCT_BUNDLE_IDENTIFIER = com.github.manicmaniac.ApolloDeveloperKitExample;
				PRODUCT_NAME = "$(TARGET_NAME)";
				SWIFT_OPTIMIZATION_LEVEL = "-Onone";
				SWIFT_VERSION = 4.2;
				TARGETED_DEVICE_FAMILY = "1,2";
			};
			name = Debug;
		};
		5B26FC4B22B3DB5800359E63 /* Release */ = {
			isa = XCBuildConfiguration;
			buildSettings = {
				ALWAYS_EMBED_SWIFT_STANDARD_LIBRARIES = YES;
				ASSETCATALOG_COMPILER_APPICON_NAME = AppIcon;
				CARTHAGE_SEARCH_PATHS = "/opt/local/bin /usr/local/bin /usr/bin /bin";
				CLANG_ENABLE_MODULES = YES;
				FRAMEWORK_SEARCH_PATHS = (
					"$(inherited)",
					"$(PROJECT_DIR)/Carthage/Build/iOS",
				);
				INFOPLIST_FILE = Example/Info.plist;
				LD_RUNPATH_SEARCH_PATHS = (
					"$(inherited)",
					"@executable_path/Frameworks",
				);
				PRODUCT_BUNDLE_IDENTIFIER = com.github.manicmaniac.ApolloDeveloperKitExample;
				PRODUCT_NAME = "$(TARGET_NAME)";
				SWIFT_VERSION = 4.2;
				TARGETED_DEVICE_FAMILY = "1,2";
			};
			name = Release;
		};
		5BE2444922E0F902008EDAAD /* Debug */ = {
			isa = XCBuildConfiguration;
			buildSettings = {
				CARTHAGE_SEARCH_PATHS = "/opt/local/bin:/usr/local/bin:/usr/bin:/bin";
			};
			name = Debug;
		};
		5BE2444A22E0F902008EDAAD /* Release */ = {
			isa = XCBuildConfiguration;
			buildSettings = {
				CARTHAGE_SEARCH_PATHS = "/opt/local/bin:/usr/local/bin:/usr/bin:/bin";
			};
			name = Release;
		};
/* End XCBuildConfiguration section */

/* Begin XCConfigurationList section */
		5B26FC1622B3DB0800359E63 /* Build configuration list for PBXProject "ApolloDeveloperKit" */ = {
			isa = XCConfigurationList;
			buildConfigurations = (
				5B26FC2E22B3DB0800359E63 /* Debug */,
				5B26FC2F22B3DB0800359E63 /* Release */,
			);
			defaultConfigurationIsVisible = 0;
			defaultConfigurationName = Release;
		};
		5B26FC3022B3DB0800359E63 /* Build configuration list for PBXNativeTarget "ApolloDeveloperKit" */ = {
			isa = XCConfigurationList;
			buildConfigurations = (
				5B26FC3122B3DB0800359E63 /* Debug */,
				5B26FC3222B3DB0800359E63 /* Release */,
			);
			defaultConfigurationIsVisible = 0;
			defaultConfigurationName = Release;
		};
		5B26FC3322B3DB0800359E63 /* Build configuration list for PBXNativeTarget "ApolloDeveloperKitTests" */ = {
			isa = XCConfigurationList;
			buildConfigurations = (
				5B26FC3422B3DB0800359E63 /* Debug */,
				5B26FC3522B3DB0800359E63 /* Release */,
			);
			defaultConfigurationIsVisible = 0;
			defaultConfigurationName = Release;
		};
		5B26FC4922B3DB5800359E63 /* Build configuration list for PBXNativeTarget "ApolloDeveloperKitExample" */ = {
			isa = XCConfigurationList;
			buildConfigurations = (
				5B26FC4A22B3DB5800359E63 /* Debug */,
				5B26FC4B22B3DB5800359E63 /* Release */,
			);
			defaultConfigurationIsVisible = 0;
			defaultConfigurationName = Release;
		};
		5BE2444822E0F902008EDAAD /* Build configuration list for PBXLegacyTarget "ApolloDeveloperKitInstallTests" */ = {
			isa = XCConfigurationList;
			buildConfigurations = (
				5BE2444922E0F902008EDAAD /* Debug */,
				5BE2444A22E0F902008EDAAD /* Release */,
			);
			defaultConfigurationIsVisible = 0;
			defaultConfigurationName = Release;
		};
/* End XCConfigurationList section */
	};
	rootObject = 5B26FC1322B3DB0800359E63 /* Project object */;
}
